
Microsoft Visual Studio Solution File, Format Version 12.00
# Visual Studio Version 16
VisualStudioVersion = 16.0.31424.327
MinimumVisualStudioVersion = 10.0.40219.1
Project("{FAE04EC0-301F-11D3-BF4B-00C04F79EFBC}") = "SeleniumIntro", "SeleniumIntro\SeleniumIntro.csproj", "{D5E4FF44-4806-4409-9799-13CB3F6A8122}"
EndProject
Global
	GlobalSection(SolutionConfigurationPlatforms) = preSolution
		Debug|Any CPU = Debug|Any CPU
		Release|Any CPU = Release|Any CPU
	EndGlobalSection
	GlobalSection(ProjectConfigurationPlatforms) = postSolution
		{D5E4FF44-4806-4409-9799-13CB3F6A8122}.Debug|Any CPU.ActiveCfg = Debug|Any CPU
		{D5E4FF44-4806-4409-9799-13CB3F6A8122}.Debug|Any CPU.Build.0 = Debug|Any CPU
		{D5E4FF44-4806-4409-9799-13CB3F6A8122}.Release|Any CPU.ActiveCfg = Release|Any CPU
		{D5E4FF44-4806-4409-9799-13CB3F6A8122}.Release|Any CPU.Build.0 = Release|Any CPU
	EndGlobalSection
	GlobalSection(SolutionProperties) = preSolution
		HideSolutionNode = FALSE
	EndGlobalSection
	GlobalSection(ExtensibilityGlobals) = postSolution
		SolutionGuid = {6EEDE0F3-71D5-4F53-B491-1F7BE1A7CF4D}
	EndGlobalSection
EndGlobal
